lockfileVersion: '6.0'

settings:
  autoInstallPeers: true
  excludeLinksFromLockfile: false

devDependencies:
  eslint:
    specifier: ^8.0.0
    version: 8.57.1
  live-server:
    specifier: ^1.2.2
    version: 1.2.2
  prettier:
    specifier: ^3.0.0
    version: 3.3.3

packages:

  /@eslint-community/eslint-utils@4.4.0(eslint@8.57.1):
    resolution: {integrity: sha512-1/sA4dwrzBAyeUoQ6oxahHKmrZvsnLCg4RfxW3ZFGGmQkSNQPFNLV9CUEFQP1x9EYXHTo5p6xdhZM1Ne9p/AfA==}
    engines: {node: ^12.22.0 || ^14.17.0 || >=16.0.0}
    peerDependencies:
      eslint: ^6.0.0 || ^7.0.0 || ^8.0.0
    dependencies:
      eslint: 8.57.1
      eslint-visitor-keys: 3.4.3
    dev: true

  /eslint@8.57.1:
    resolution: {integrity: sha512-ypowyDxpVSYpkXr9WPv2PAZCtNip1Mv5KTW0SCurXv/9iOpcrH9PaqUElksqEB6pChqHGDRCFTyrZlGhnLNGiA==}
    engines: {node: ^12.22.0 || ^14.17.0 || >=16.0.0}
    hasBin: true
    dev: true

  /live-server@1.2.2:
    resolution: {integrity: sha512-t28HXLjITRGoMSrCOv4eZ88viHaBVIjJhEIGm9kHMhHIkHKpGSGiRn3qbqeSC7nFf8cGWN7wxMQTfp0ByNr3Wg==}
    engines: {node: '>=0.10.0'}
    hasBin: true
    dev: true

  /prettier@3.3.3:
    resolution: {integrity: sha512-i2tDNA0O5IrMO757lfrdQZCc2jPNDVntV0m/+4whiDfWaTKfMNgR7Qz0NAeGz/nRqF4m5/6CLzbP4/liHt12Ew==}
    engines: {node: '>=14'}
    hasBin: true
    dev: true
